// !$*UTF8*$!
{
	archiveVersion = 1;
	classes = {
	};
	objectVersion = 46;
	objects = {

/* Begin PBXBuildFile section */
		8220A6F41CE5AB22000B1B8B /* UIButton+Function_Ph.m in Sources */ = {isa = PBXBuildFile; fileRef = 8220A6F31CE5AB22000B1B8B /* UIButton+Function_Ph.m */; };
		8220A6F71CE5E072000B1B8B /* WBApiManger.m in Sources */ = {isa = PBXBuildFile; fileRef = 8220A6F61CE5E072000B1B8B /* WBApiManger.m */; };
		8220A6FA1CE5E07F000B1B8B /* WXApiManager.m in Sources */ = {isa = PBXBuildFile; fileRef = 8220A6F91CE5E07F000B1B8B /* WXApiManager.m */; };
		822AAD8D1CE18DBB00F84C63 /* UIImage+Alpha.m in Sources */ = {isa = PBXBuildFile; fileRef = 822AAD881CE18DBB00F84C63 /* UIImage+Alpha.m */; };
		822AAD8E1CE18DBB00F84C63 /* UIImage+Resize.m in Sources */ = {isa = PBXBuildFile; fileRef = 822AAD8A1CE18DBB00F84C63 /* UIImage+Resize.m */; };
		822AAD8F1CE18DBB00F84C63 /* UIImage+RoundedCorner.m in Sources */ = {isa = PBXBuildFile; fileRef = 822AAD8C1CE18DBB00F84C63 /* UIImage+RoundedCorner.m */; };
		826D2EC01CC9C71E004541C0 /* ConfigItem_Ph.m in Sources */ = {isa = PBXBuildFile; fileRef = 826D2EBD1CC9C71E004541C0 /* ConfigItem_Ph.m */; };
		826D2EC11CC9C71E004541C0 /* ConfigManager_Ph.m in Sources */ = {isa = PBXBuildFile; fileRef = 826D2EBF1CC9C71E004541C0 /* ConfigManager_Ph.m */; };
		826D2ED31CC9C82A004541C0 /* AppDelegate.m in Sources */ = {isa = PBXBuildFile; fileRef = 826D2EC71CC9C82A004541C0 /* AppDelegate.m */; };
		826D2ED51CC9C82A004541C0 /* Assets.xcassets in Resources */ = {isa = PBXBuildFile; fileRef = 826D2ECA1CC9C82A004541C0 /* Assets.xcassets */; };
		826D2ED71CC9C82A004541C0 /* Localizable.strings in Resources */ = {isa = PBXBuildFile; fileRef = 826D2ECC1CC9C82A004541C0 /* Localizable.strings */; };
		826D2ED81CC9C82A004541C0 /* main.m in Sources */ = {isa = PBXBuildFile; fileRef = 826D2ECE1CC9C82A004541C0 /* main.m */; };
		826D2ED91CC9C82A004541C0 /* Master.t in Resources */ = {isa = PBXBuildFile; fileRef = 826D2ECF1CC9C82A004541C0 /* Master.t */; };
		826D2EDA1CC9C82A004541C0 /* Master.xcdatamodeld in Sources */ = {isa = PBXBuildFile; fileRef = 826D2ED01CC9C82A004541C0 /* Master.xcdatamodeld */; };
		826D2EDD1CC9C897004541C0 /* AppDelegateManager.m in Sources */ = {isa = PBXBuildFile; fileRef = 826D2EDC1CC9C897004541C0 /* AppDelegateManager.m */; };
		82DE29591CDB4FDB00CC7EAF /* UITools.m in Sources */ = {isa = PBXBuildFile; fileRef = 82DE29581CDB4FDB00CC7EAF /* UITools.m */; };
		C8A99F34D03FA64B11426445 /* libPods-Master.a in Frameworks */ = {isa = PBXBuildFile; fileRef = 4CC420693F8F97AE50886914 /* libPods-Master.a */; };
		FF21A8371DB5C86D00973433 /* AnimationTool.m in Sources */ = {isa = PBXBuildFile; fileRef = FF21A8291DB5C86D00973433 /* AnimationTool.m */; };
		FF21A8381DB5C86D00973433 /* MasterVC_Ph.m in Sources */ = {isa = PBXBuildFile; fileRef = FF21A82C1DB5C86D00973433 /* MasterVC_Ph.m */; };
		FF21A8391DB5C86D00973433 /* MasterView.m in Sources */ = {isa = PBXBuildFile; fileRef = FF21A82E1DB5C86D00973433 /* MasterView.m */; };
		FF21A83A1DB5C86D00973433 /* MasterViewModel.m in Sources */ = {isa = PBXBuildFile; fileRef = FF21A8301DB5C86D00973433 /* MasterViewModel.m */; };
		FF21A83B1DB5C86D00973433 /* NonWindowAnimationTool.m in Sources */ = {isa = PBXBuildFile; fileRef = FF21A8321DB5C86D00973433 /* NonWindowAnimationTool.m */; };
		FF21A83C1DB5C86D00973433 /* PopNavigation.m in Sources */ = {isa = PBXBuildFile; fileRef = FF21A8341DB5C86D00973433 /* PopNavigation.m */; };
		FF21A83D1DB5C86D00973433 /* UIView+Extent.m in Sources */ = {isa = PBXBuildFile; fileRef = FF21A8361DB5C86D00973433 /* UIView+Extent.m */; };
		FF21A84E1DB5C88400973433 /* BaseVC_Ph.m in Sources */ = {isa = PBXBuildFile; fileRef = FF21A83F1DB5C88400973433 /* BaseVC_Ph.m */; };
		FF21A84F1DB5C88400973433 /* LeftDrawerVC_Ph.m in Sources */ = {isa = PBXBuildFile; fileRef = FF21A8411DB5C88400973433 /* LeftDrawerVC_Ph.m */; };
		FF21A8501DB5C88400973433 /* MenuVC_Ph.m in Sources */ = {isa = PBXBuildFile; fileRef = FF21A8431DB5C88400973433 /* MenuVC_Ph.m */; };
		FF21A8511DB5C88400973433 /* NavigationVC_Ph.m in Sources */ = {isa = PBXBuildFile; fileRef = FF21A8451DB5C88400973433 /* NavigationVC_Ph.m */; };
		FF21A8521DB5C88400973433 /* RightDrawerVC_Ph.m in Sources */ = {isa = PBXBuildFile; fileRef = FF21A8471DB5C88400973433 /* RightDrawerVC_Ph.m */; };
		FF21A8531DB5C88400973433 /* TabBarVC_Ph.m in Sources */ = {isa = PBXBuildFile; fileRef = FF21A8491DB5C88400973433 /* TabBarVC_Ph.m */; };
		FF21A8551DB5C88400973433 /* UIViewController+BaseViewController_Ph.m in Sources */ = {isa = PBXBuildFile; fileRef = FF21A84D1DB5C88400973433 /* UIViewController+BaseViewController_Ph.m */; };
		FF21A85E1DB5C8A800973433 /* HomeVC_Ph.m in Sources */ = {isa = PBXBuildFile; fileRef = FF21A8571DB5C8A800973433 /* HomeVC_Ph.m */; };
		FF21A85F1DB5C8A800973433 /* LaunchLiveVC.m in Sources */ = {isa = PBXBuildFile; fileRef = FF21A8591DB5C8A800973433 /* LaunchLiveVC.m */; };
		FF21A8601DB5C8A800973433 /* LaunchLiveView.m in Sources */ = {isa = PBXBuildFile; fileRef = FF21A85B1DB5C8A800973433 /* LaunchLiveView.m */; };
		FF21A8611DB5C8A800973433 /* ShareView.m in Sources */ = {isa = PBXBuildFile; fileRef = FF21A85D1DB5C8A800973433 /* ShareView.m */; };
		FF21A8701DB5C91C00973433 /* UCAlbumVC_Ph.m in Sources */ = {isa = PBXBuildFile; fileRef = FF21A8651DB5C91C00973433 /* UCAlbumVC_Ph.m */; };
		FF21A8711DB5C91C00973433 /* UCBaseVC_Ph.m in Sources */ = {isa = PBXBuildFile; fileRef = FF21A8671DB5C91C00973433 /* UCBaseVC_Ph.m */; };
		FF21A8721DB5C91C00973433 /* UCHeadView_Ph.m in Sources */ = {isa = PBXBuildFile; fileRef = FF21A8691DB5C91C00973433 /* UCHeadView_Ph.m */; };
		FF21A8731DB5C91C00973433 /* UCTableCell_Ph.m in Sources */ = {isa = PBXBuildFile; fileRef = FF21A86B1DB5C91C00973433 /* UCTableCell_Ph.m */; };
		FF21A8741DB5C91C00973433 /* UCTopView_Ph.m in Sources */ = {isa = PBXBuildFile; fileRef = FF21A86D1DB5C91C00973433 /* UCTopView_Ph.m */; };
		FF21A8751DB5C91C00973433 /* UserCenterVC_Ph.m in Sources */ = {isa = PBXBuildFile; fileRef = FF21A86F1DB5C91C00973433 /* UserCenterVC_Ph.m */; };
		FF21A8941DB5F05D00973433 /* CardCell.m in Sources */ = {isa = PBXBuildFile; fileRef = FF21A8821DB5F05D00973433 /* CardCell.m */; };
		FF21A8951DB5F05D00973433 /* CardPageCell.m in Sources */ = {isa = PBXBuildFile; fileRef = FF21A8841DB5F05D00973433 /* CardPageCell.m */; };
		FF21A8961DB5F05D00973433 /* CardPageVC.m in Sources */ = {isa = PBXBuildFile; fileRef = FF21A8871DB5F05D00973433 /* CardPageVC.m */; };
		FF21A8971DB5F05D00973433 /* CardPageView.m in Sources */ = {isa = PBXBuildFile; fileRef = FF21A8891DB5F05D00973433 /* CardPageView.m */; };
		FF21A8981DB5F05D00973433 /* CycleScrollView.m in Sources */ = {isa = PBXBuildFile; fileRef = FF21A88B1DB5F05D00973433 /* CycleScrollView.m */; };
		FF21A8991DB5F05D00973433 /* NewPagedFlowView.m in Sources */ = {isa = PBXBuildFile; fileRef = FF21A88D1DB5F05D00973433 /* NewPagedFlowView.m */; };
		FF21A89A1DB5F05D00973433 /* PGIndexBannerSubiew.m in Sources */ = {isa = PBXBuildFile; fileRef = FF21A88F1DB5F05D00973433 /* PGIndexBannerSubiew.m */; };
		FF21A89B1DB5F05D00973433 /* SDPageFlowView.m in Sources */ = {isa = PBXBuildFile; fileRef = FF21A8911DB5F05D00973433 /* SDPageFlowView.m */; };
		FF21A89C1DB5F05D00973433 /* UIVC_Ph.m in Sources */ = {isa = PBXBuildFile; fileRef = FF21A8931DB5F05D00973433 /* UIVC_Ph.m */; };
		FF21A8A41DB61ED100973433 /* Tools_Ph.m in Sources */ = {isa = PBXBuildFile; fileRef = FF21A8A31DB61ED100973433 /* Tools_Ph.m */; };
/* End PBXBuildFile section */

/* Begin PBXFileReference section */
		4CC420693F8F97AE50886914 /* libPods-Master.a */ = {isa = PBXFileReference; explicitFileType = archive.ar; includeInIndex = 0; path = "libPods-Master.a"; sourceTree = BUILT_PRODUCTS_DIR; };
		8220A6F21CE5AB22000B1B8B /* UIButton+Function_Ph.h */ = {isa = PBXFileReference; fileEncoding = 4; lastKnownFileType = sourcecode.c.h; path = "UIButton+Function_Ph.h"; sourceTree = "<group>"; };
		8220A6F31CE5AB22000B1B8B /* UIButton+Function_Ph.m */ = {isa = PBXFileReference; fileEncoding = 4; lastKnownFileType = sourcecode.c.objc; path = "UIButton+Function_Ph.m"; sourceTree = "<group>"; };
		8220A6F51CE5E072000B1B8B /* WBApiManger.h */ = {isa = PBXFileReference; fileEncoding = 4; lastKnownFileType = sourcecode.c.h; path = WBApiManger.h; sourceTree = "<group>"; };
		8220A6F61CE5E072000B1B8B /* WBApiManger.m */ = {isa = PBXFileReference; fileEncoding = 4; lastKnownFileType = sourcecode.c.objc; path = WBApiManger.m; sourceTree = "<group>"; };
		8220A6F81CE5E07F000B1B8B /* WXApiManager.h */ = {isa = PBXFileReference; fileEncoding = 4; lastKnownFileType = sourcecode.c.h; path = WXApiManager.h; sourceTree = "<group>"; };
		8220A6F91CE5E07F000B1B8B /* WXApiManager.m */ = {isa = PBXFileReference; fileEncoding = 4; lastKnownFileType = sourcecode.c.objc; path = WXApiManager.m; sourceTree = "<group>"; };
		822AAD871CE18DBB00F84C63 /* UIImage+Alpha.h */ = {isa = PBXFileReference; fileEncoding = 4; lastKnownFileType = sourcecode.c.h; path = "UIImage+Alpha.h"; sourceTree = "<group>"; };
		822AAD881CE18DBB00F84C63 /* UIImage+Alpha.m */ = {isa = PBXFileReference; fileEncoding = 4; lastKnownFileType = sourcecode.c.objc; path = "UIImage+Alpha.m"; sourceTree = "<group>"; };
		822AAD891CE18DBB00F84C63 /* UIImage+Resize.h */ = {isa = PBXFileReference; fileEncoding = 4; lastKnownFileType = sourcecode.c.h; path = "UIImage+Resize.h"; sourceTree = "<group>"; };
		822AAD8A1CE18DBB00F84C63 /* UIImage+Resize.m */ = {isa = PBXFileReference; fileEncoding = 4; lastKnownFileType = sourcecode.c.objc; path = "UIImage+Resize.m"; sourceTree = "<group>"; };
		822AAD8B1CE18DBB00F84C63 /* UIImage+RoundedCorner.h */ = {isa = PBXFileReference; fileEncoding = 4; lastKnownFileType = sourcecode.c.h; path = "UIImage+RoundedCorner.h"; sourceTree = "<group>"; };
		822AAD8C1CE18DBB00F84C63 /* UIImage+RoundedCorner.m */ = {isa = PBXFileReference; fileEncoding = 4; lastKnownFileType = sourcecode.c.objc; path = "UIImage+RoundedCorner.m"; sourceTree = "<group>"; };
		826D2EBC1CC9C71E004541C0 /* ConfigItem_Ph.h */ = {isa = PBXFileReference; fileEncoding = 4; lastKnownFileType = sourcecode.c.h; path = ConfigItem_Ph.h; sourceTree = "<group>"; };
		826D2EBD1CC9C71E004541C0 /* ConfigItem_Ph.m */ = {isa = PBXFileReference; fileEncoding = 4; lastKnownFileType = sourcecode.c.objc; path = ConfigItem_Ph.m; sourceTree = "<group>"; };
		826D2EBE1CC9C71E004541C0 /* ConfigManager_Ph.h */ = {isa = PBXFileReference; fileEncoding = 4; lastKnownFileType = sourcecode.c.h; path = ConfigManager_Ph.h; sourceTree = "<group>"; };
		826D2EBF1CC9C71E004541C0 /* ConfigManager_Ph.m */ = {isa = PBXFileReference; fileEncoding = 4; lastKnownFileType = sourcecode.c.objc; path = ConfigManager_Ph.m; sourceTree = "<group>"; };
		826D2EC61CC9C82A004541C0 /* AppDelegate.h */ = {isa = PBXFileReference; fileEncoding = 4; lastKnownFileType = sourcecode.c.h; path = AppDelegate.h; sourceTree = "<group>"; };
		826D2EC71CC9C82A004541C0 /* AppDelegate.m */ = {isa = PBXFileReference; fileEncoding = 4; lastKnownFileType = sourcecode.c.objc; path = AppDelegate.m; sourceTree = "<group>"; };
		826D2ECA1CC9C82A004541C0 /* Assets.xcassets */ = {isa = PBXFileReference; lastKnownFileType = folder.assetcatalog; path = Assets.xcassets; sourceTree = "<group>"; };
		826D2ECB1CC9C82A004541C0 /* Info.plist */ = {isa = PBXFileReference; fileEncoding = 4; lastKnownFileType = text.plist.xml; path = Info.plist; sourceTree = "<group>"; };
		826D2ECC1CC9C82A004541C0 /* Localizable.strings */ = {isa = PBXFileReference; fileEncoding = 4; lastKnownFileType = text.plist.strings; path = Localizable.strings; sourceTree = "<group>"; };
		826D2ECD1CC9C82A004541C0 /* Macros.h */ = {isa = PBXFileReference; fileEncoding = 4; lastKnownFileType = sourcecode.c.h; path = Macros.h; sourceTree = "<group>"; };
		826D2ECE1CC9C82A004541C0 /* main.m */ = {isa = PBXFileReference; fileEncoding = 4; lastKnownFileType = sourcecode.c.objc; path = main.m; sourceTree = "<group>"; };
		826D2ECF1CC9C82A004541C0 /* Master.t */ = {isa = PBXFileReference; fileEncoding = 4; lastKnownFileType = text; path = Master.t; sourceTree = "<group>"; };
		826D2ED11CC9C82A004541C0 /* Master.xcdatamodel */ = {isa = PBXFileReference; lastKnownFileType = wrapper.xcdatamodel; path = Master.xcdatamodel; sourceTree = "<group>"; };
		826D2ED21CC9C82A004541C0 /* PrefixHeader-PCH.pch */ = {isa = PBXFileReference; fileEncoding = 4; lastKnownFileType = sourcecode.c.h; path = "PrefixHeader-PCH.pch"; sourceTree = "<group>"; };
		826D2EDB1CC9C897004541C0 /* AppDelegateManager.h */ = {isa = PBXFileReference; fileEncoding = 4; lastKnownFileType = sourcecode.c.h; path = AppDelegateManager.h; sourceTree = "<group>"; };
		826D2EDC1CC9C897004541C0 /* AppDelegateManager.m */ = {isa = PBXFileReference; fileEncoding = 4; lastKnownFileType = sourcecode.c.objc; path = AppDelegateManager.m; sourceTree = "<group>"; };
		82D1BC821C995EDB0043B83E /* Master.app */ = {isa = PBXFileReference; explicitFileType = wrapper.application; includeInIndex = 0; path = Master.app; sourceTree = BUILT_PRODUCTS_DIR; };
		82D2EF751D3C7C4700A54336 /* Theme.h */ = {isa = PBXFileReference; lastKnownFileType = sourcecode.c.h; path = Theme.h; sourceTree = "<group>"; };
		82DE29571CDB4FDB00CC7EAF /* UITools.h */ = {isa = PBXFileReference; fileEncoding = 4; lastKnownFileType = sourcecode.c.h; path = UITools.h; sourceTree = "<group>"; };
		82DE29581CDB4FDB00CC7EAF /* UITools.m */ = {isa = PBXFileReference; fileEncoding = 4; lastKnownFileType = sourcecode.c.objc; path = UITools.m; sourceTree = "<group>"; };
		EDE2B6EB9E533A62AFBC4B63 /* Pods-Master.release.xcconfig */ = {isa = PBXFileReference; includeInIndex = 1; lastKnownFileType = text.xcconfig; name = "Pods-Master.release.xcconfig"; path = "Pods/Target Support Files/Pods-Master/Pods-Master.release.xcconfig"; sourceTree = "<group>"; };
		F9B04D0B813A8774FBAD4B58 /* Pods-Master.debug.xcconfig */ = {isa = PBXFileReference; includeInIndex = 1; lastKnownFileType = text.xcconfig; name = "Pods-Master.debug.xcconfig"; path = "Pods/Target Support Files/Pods-Master/Pods-Master.debug.xcconfig"; sourceTree = "<group>"; };
		FF21A8281DB5C86D00973433 /* AnimationTool.h */ = {isa = PBXFileReference; fileEncoding = 4; lastKnownFileType = sourcecode.c.h; path = AnimationTool.h; sourceTree = "<group>"; };
		FF21A8291DB5C86D00973433 /* AnimationTool.m */ = {isa = PBXFileReference; fileEncoding = 4; lastKnownFileType = sourcecode.c.objc; path = AnimationTool.m; sourceTree = "<group>"; };
		FF21A82A1DB5C86D00973433 /* AnimationToolProtocol.h */ = {isa = PBXFileReference; fileEncoding = 4; lastKnownFileType = sourcecode.c.h; path = AnimationToolProtocol.h; sourceTree = "<group>"; };
		FF21A82B1DB5C86D00973433 /* MasterVC_Ph.h */ = {isa = PBXFileReference; fileEncoding = 4; lastKnownFileType = sourcecode.c.h; path = MasterVC_Ph.h; sourceTree = "<group>"; };
		FF21A82C1DB5C86D00973433 /* MasterVC_Ph.m */ = {isa = PBXFileReference; fileEncoding = 4; lastKnownFileType = sourcecode.c.objc; path = MasterVC_Ph.m; sourceTree = "<group>"; };
		FF21A82D1DB5C86D00973433 /* MasterView.h */ = {isa = PBXFileReference; fileEncoding = 4; lastKnownFileType = sourcecode.c.h; path = MasterView.h; sourceTree = "<group>"; };
		FF21A82E1DB5C86D00973433 /* MasterView.m */ = {isa = PBXFileReference; fileEncoding = 4; lastKnownFileType = sourcecode.c.objc; path = MasterView.m; sourceTree = "<group>"; };
		FF21A82F1DB5C86D00973433 /* MasterViewModel.h */ = {isa = PBXFileReference; fileEncoding = 4; lastKnownFileType = sourcecode.c.h; path = MasterViewModel.h; sourceTree = "<group>"; };
		FF21A8301DB5C86D00973433 /* MasterViewModel.m */ = {isa = PBXFileReference; fileEncoding = 4; lastKnownFileType = sourcecode.c.objc; path = MasterViewModel.m; sourceTree = "<group>"; };
		FF21A8311DB5C86D00973433 /* NonWindowAnimationTool.h */ = {isa = PBXFileReference; fileEncoding = 4; lastKnownFileType = sourcecode.c.h; path = NonWindowAnimationTool.h; sourceTree = "<group>"; };
		FF21A8321DB5C86D00973433 /* NonWindowAnimationTool.m */ = {isa = PBXFileReference; fileEncoding = 4; lastKnownFileType = sourcecode.c.objc; path = NonWindowAnimationTool.m; sourceTree = "<group>"; };
		FF21A8331DB5C86D00973433 /* PopNavigation.h */ = {isa = PBXFileReference; fileEncoding = 4; lastKnownFileType = sourcecode.c.h; path = PopNavigation.h; sourceTree = "<group>"; };
		FF21A8341DB5C86D00973433 /* PopNavigation.m */ = {isa = PBXFileReference; fileEncoding = 4; lastKnownFileType = sourcecode.c.objc; path = PopNavigation.m; sourceTree = "<group>"; };
		FF21A8351DB5C86D00973433 /* UIView+Extent.h */ = {isa = PBXFileReference; fileEncoding = 4; lastKnownFileType = sourcecode.c.h; path = "UIView+Extent.h"; sourceTree = "<group>"; };
		FF21A8361DB5C86D00973433 /* UIView+Extent.m */ = {isa = PBXFileReference; fileEncoding = 4; lastKnownFileType = sourcecode.c.objc; path = "UIView+Extent.m"; sourceTree = "<group>"; };
		FF21A83E1DB5C88400973433 /* BaseVC_Ph.h */ = {isa = PBXFileReference; fileEncoding = 4; lastKnownFileType = sourcecode.c.h; path = BaseVC_Ph.h; sourceTree = "<group>"; };
		FF21A83F1DB5C88400973433 /* BaseVC_Ph.m */ = {isa = PBXFileReference; fileEncoding = 4; lastKnownFileType = sourcecode.c.objc; path = BaseVC_Ph.m; sourceTree = "<group>"; };
		FF21A8401DB5C88400973433 /* LeftDrawerVC_Ph.h */ = {isa = PBXFileReference; fileEncoding = 4; lastKnownFileType = sourcecode.c.h; path = LeftDrawerVC_Ph.h; sourceTree = "<group>"; };
		FF21A8411DB5C88400973433 /* LeftDrawerVC_Ph.m */ = {isa = PBXFileReference; fileEncoding = 4; lastKnownFileType = sourcecode.c.objc; path = LeftDrawerVC_Ph.m; sourceTree = "<group>"; };
		FF21A8421DB5C88400973433 /* MenuVC_Ph.h */ = {isa = PBXFileReference; fileEncoding = 4; lastKnownFileType = sourcecode.c.h; path = MenuVC_Ph.h; sourceTree = "<group>"; };
		FF21A8431DB5C88400973433 /* MenuVC_Ph.m */ = {isa = PBXFileReference; fileEncoding = 4; lastKnownFileType = sourcecode.c.objc; path = MenuVC_Ph.m; sourceTree = "<group>"; };
		FF21A8441DB5C88400973433 /* NavigationVC_Ph.h */ = {isa = PBXFileReference; fileEncoding = 4; lastKnownFileType = sourcecode.c.h; path = NavigationVC_Ph.h; sourceTree = "<group>"; };
		FF21A8451DB5C88400973433 /* NavigationVC_Ph.m */ = {isa = PBXFileReference; fileEncoding = 4; lastKnownFileType = sourcecode.c.objc; path = NavigationVC_Ph.m; sourceTree = "<group>"; };
		FF21A8461DB5C88400973433 /* RightDrawerVC_Ph.h */ = {isa = PBXFileReference; fileEncoding = 4; lastKnownFileType = sourcecode.c.h; path = RightDrawerVC_Ph.h; sourceTree = "<group>"; };
		FF21A8471DB5C88400973433 /* RightDrawerVC_Ph.m */ = {isa = PBXFileReference; fileEncoding = 4; lastKnownFileType = sourcecode.c.objc; path = RightDrawerVC_Ph.m; sourceTree = "<group>"; };
		FF21A8481DB5C88400973433 /* TabBarVC_Ph.h */ = {isa = PBXFileReference; fileEncoding = 4; lastKnownFileType = sourcecode.c.h; path = TabBarVC_Ph.h; sourceTree = "<group>"; };
		FF21A8491DB5C88400973433 /* TabBarVC_Ph.m */ = {isa = PBXFileReference; fileEncoding = 4; lastKnownFileType = sourcecode.c.objc; path = TabBarVC_Ph.m; sourceTree = "<group>"; };
		FF21A84C1DB5C88400973433 /* UIViewController+BaseViewController_Ph.h */ = {isa = PBXFileReference; fileEncoding = 4; lastKnownFileType = sourcecode.c.h; path = "UIViewController+BaseViewController_Ph.h"; sourceTree = "<group>"; };
		FF21A84D1DB5C88400973433 /* UIViewController+BaseViewController_Ph.m */ = {isa = PBXFileReference; fileEncoding = 4; lastKnownFileType = sourcecode.c.objc; path = "UIViewController+BaseViewController_Ph.m"; sourceTree = "<group>"; };
		FF21A8561DB5C8A800973433 /* HomeVC_Ph.h */ = {isa = PBXFileReference; fileEncoding = 4; lastKnownFileType = sourcecode.c.h; path = HomeVC_Ph.h; sourceTree = "<group>"; };
		FF21A8571DB5C8A800973433 /* HomeVC_Ph.m */ = {isa = PBXFileReference; fileEncoding = 4; lastKnownFileType = sourcecode.c.objc; path = HomeVC_Ph.m; sourceTree = "<group>"; };
		FF21A8581DB5C8A800973433 /* LaunchLiveVC.h */ = {isa = PBXFileReference; fileEncoding = 4; lastKnownFileType = sourcecode.c.h; path = LaunchLiveVC.h; sourceTree = "<group>"; };
		FF21A8591DB5C8A800973433 /* LaunchLiveVC.m */ = {isa = PBXFileReference; fileEncoding = 4; lastKnownFileType = sourcecode.c.objc; path = LaunchLiveVC.m; sourceTree = "<group>"; };
		FF21A85A1DB5C8A800973433 /* LaunchLiveView.h */ = {isa = PBXFileReference; fileEncoding = 4; lastKnownFileType = sourcecode.c.h; path = LaunchLiveView.h; sourceTree = "<group>"; };
		FF21A85B1DB5C8A800973433 /* LaunchLiveView.m */ = {isa = PBXFileReference; fileEncoding = 4; lastKnownFileType = sourcecode.c.objc; path = LaunchLiveView.m; sourceTree = "<group>"; };
		FF21A85C1DB5C8A800973433 /* ShareView.h */ = {isa = PBXFileReference; fileEncoding = 4; lastKnownFileType = sourcecode.c.h; path = ShareView.h; sourceTree = "<group>"; };
		FF21A85D1DB5C8A800973433 /* ShareView.m */ = {isa = PBXFileReference; fileEncoding = 4; lastKnownFileType = sourcecode.c.objc; path = ShareView.m; sourceTree = "<group>"; };
		FF21A8641DB5C91C00973433 /* UCAlbumVC_Ph.h */ = {isa = PBXFileReference; fileEncoding = 4; lastKnownFileType = sourcecode.c.h; path = UCAlbumVC_Ph.h; sourceTree = "<group>"; };
		FF21A8651DB5C91C00973433 /* UCAlbumVC_Ph.m */ = {isa = PBXFileReference; fileEncoding = 4; lastKnownFileType = sourcecode.c.objc; path = UCAlbumVC_Ph.m; sourceTree = "<group>"; };
		FF21A8661DB5C91C00973433 /* UCBaseVC_Ph.h */ = {isa = PBXFileReference; fileEncoding = 4; lastKnownFileType = sourcecode.c.h; path = UCBaseVC_Ph.h; sourceTree = "<group>"; };
		FF21A8671DB5C91C00973433 /* UCBaseVC_Ph.m */ = {isa = PBXFileReference; fileEncoding = 4; lastKnownFileType = sourcecode.c.objc; path = UCBaseVC_Ph.m; sourceTree = "<group>"; };
		FF21A8681DB5C91C00973433 /* UCHeadView_Ph.h */ = {isa = PBXFileReference; fileEncoding = 4; lastKnownFileType = sourcecode.c.h; path = UCHeadView_Ph.h; sourceTree = "<group>"; };
		FF21A8691DB5C91C00973433 /* UCHeadView_Ph.m */ = {isa = PBXFileReference; fileEncoding = 4; lastKnownFileType = sourcecode.c.objc; path = UCHeadView_Ph.m; sourceTree = "<group>"; };
		FF21A86A1DB5C91C00973433 /* UCTableCell_Ph.h */ = {isa = PBXFileReference; fileEncoding = 4; lastKnownFileType = sourcecode.c.h; path = UCTableCell_Ph.h; sourceTree = "<group>"; };
		FF21A86B1DB5C91C00973433 /* UCTableCell_Ph.m */ = {isa = PBXFileReference; fileEncoding = 4; lastKnownFileType = sourcecode.c.objc; path = UCTableCell_Ph.m; sourceTree = "<group>"; };
		FF21A86C1DB5C91C00973433 /* UCTopView_Ph.h */ = {isa = PBXFileReference; fileEncoding = 4; lastKnownFileType = sourcecode.c.h; path = UCTopView_Ph.h; sourceTree = "<group>"; };
		FF21A86D1DB5C91C00973433 /* UCTopView_Ph.m */ = {isa = PBXFileReference; fileEncoding = 4; lastKnownFileType = sourcecode.c.objc; path = UCTopView_Ph.m; sourceTree = "<group>"; };
		FF21A86E1DB5C91C00973433 /* UserCenterVC_Ph.h */ = {isa = PBXFileReference; fileEncoding = 4; lastKnownFileType = sourcecode.c.h; path = UserCenterVC_Ph.h; sourceTree = "<group>"; };
		FF21A86F1DB5C91C00973433 /* UserCenterVC_Ph.m */ = {isa = PBXFileReference; fileEncoding = 4; lastKnownFileType = sourcecode.c.objc; path = UserCenterVC_Ph.m; sourceTree = "<group>"; };
		FF21A8811DB5F05D00973433 /* CardCell.h */ = {isa = PBXFileReference; fileEncoding = 4; lastKnownFileType = sourcecode.c.h; path = CardCell.h; sourceTree = "<group>"; };
		FF21A8821DB5F05D00973433 /* CardCell.m */ = {isa = PBXFileReference; fileEncoding = 4; lastKnownFileType = sourcecode.c.objc; path = CardCell.m; sourceTree = "<group>"; };
		FF21A8831DB5F05D00973433 /* CardPageCell.h */ = {isa = PBXFileReference; fileEncoding = 4; lastKnownFileType = sourcecode.c.h; path = CardPageCell.h; sourceTree = "<group>"; };
		FF21A8841DB5F05D00973433 /* CardPageCell.m */ = {isa = PBXFileReference; fileEncoding = 4; lastKnownFileType = sourcecode.c.objc; path = CardPageCell.m; sourceTree = "<group>"; };
		FF21A8851DB5F05D00973433 /* CardPageProtocol.h */ = {isa = PBXFileReference; fileEncoding = 4; lastKnownFileType = sourcecode.c.h; path = CardPageProtocol.h; sourceTree = "<group>"; };
		FF21A8861DB5F05D00973433 /* CardPageVC.h */ = {isa = PBXFileReference; fileEncoding = 4; lastKnownFileType = sourcecode.c.h; path = CardPageVC.h; sourceTree = "<group>"; };
		FF21A8871DB5F05D00973433 /* CardPageVC.m */ = {isa = PBXFileReference; fileEncoding = 4; lastKnownFileType = sourcecode.c.objc; path = CardPageVC.m; sourceTree = "<group>"; };
		FF21A8881DB5F05D00973433 /* CardPageView.h */ = {isa = PBXFileReference; fileEncoding = 4; lastKnownFileType = sourcecode.c.h; path = CardPageView.h; sourceTree = "<group>"; };
		FF21A8891DB5F05D00973433 /* CardPageView.m */ = {isa = PBXFileReference; fileEncoding = 4; lastKnownFileType = sourcecode.c.objc; path = CardPageView.m; sourceTree = "<group>"; };
		FF21A88A1DB5F05D00973433 /* CycleScrollView.h */ = {isa = PBXFileReference; fileEncoding = 4; lastKnownFileType = sourcecode.c.h; path = CycleScrollView.h; sourceTree = "<group>"; };
		FF21A88B1DB5F05D00973433 /* CycleScrollView.m */ = {isa = PBXFileReference; fileEncoding = 4; lastKnownFileType = sourcecode.c.objc; path = CycleScrollView.m; sourceTree = "<group>"; };
		FF21A88C1DB5F05D00973433 /* NewPagedFlowView.h */ = {isa = PBXFileReference; fileEncoding = 4; lastKnownFileType = sourcecode.c.h; path = NewPagedFlowView.h; sourceTree = "<group>"; };
		FF21A88D1DB5F05D00973433 /* NewPagedFlowView.m */ = {isa = PBXFileReference; fileEncoding = 4; lastKnownFileType = sourcecode.c.objc; path = NewPagedFlowView.m; sourceTree = "<group>"; };
		FF21A88E1DB5F05D00973433 /* PGIndexBannerSubiew.h */ = {isa = PBXFileReference; fileEncoding = 4; lastKnownFileType = sourcecode.c.h; path = PGIndexBannerSubiew.h; sourceTree = "<group>"; };
		FF21A88F1DB5F05D00973433 /* PGIndexBannerSubiew.m */ = {isa = PBXFileReference; fileEncoding = 4; lastKnownFileType = sourcecode.c.objc; path = PGIndexBannerSubiew.m; sourceTree = "<group>"; };
		FF21A8901DB5F05D00973433 /* SDPageFlowView.h */ = {isa = PBXFileReference; fileEncoding = 4; lastKnownFileType = sourcecode.c.h; path = SDPageFlowView.h; sourceTree = "<group>"; };
		FF21A8911DB5F05D00973433 /* SDPageFlowView.m */ = {isa = PBXFileReference; fileEncoding = 4; lastKnownFileType = sourcecode.c.objc; path = SDPageFlowView.m; sourceTree = "<group>"; };
		FF21A8921DB5F05D00973433 /* UIVC_Ph.h */ = {isa = PBXFileReference; fileEncoding = 4; lastKnownFileType = sourcecode.c.h; path = UIVC_Ph.h; sourceTree = "<group>"; };
		FF21A8931DB5F05D00973433 /* UIVC_Ph.m */ = {isa = PBXFileReference; fileEncoding = 4; lastKnownFileType = sourcecode.c.objc; path = UIVC_Ph.m; sourceTree = "<group>"; };
		FF21A8A21DB61ED100973433 /* Tools_Ph.h */ = {isa = PBXFileReference; fileEncoding = 4; lastKnownFileType = sourcecode.c.h; path = Tools_Ph.h; sourceTree = "<group>"; };
		FF21A8A31DB61ED100973433 /* Tools_Ph.m */ = {isa = PBXFileReference; fileEncoding = 4; lastKnownFileType = sourcecode.c.objc; path = Tools_Ph.m; sourceTree = "<group>"; };
/* End PBXFileReference section */

/* Begin PBXFrameworksBuildPhase section */
		82D1BC7F1C995EDB0043B83E /* Frameworks */ = {
			isa = PBXFrameworksBuildPhase;
			buildActionMask = 2147483647;
			files = (
				C8A99F34D03FA64B11426445 /* libPods-Master.a in Frameworks */,
			);
			runOnlyForDeploymentPostprocessing = 0;
		};
/* End PBXFrameworksBuildPhase section */

/* Begin PBXGroup section */
		1E7ACC32A08CBD6E5570E6CA /* Frameworks */ = {
			isa = PBXGroup;
			children = (
				4CC420693F8F97AE50886914 /* libPods-Master.a */,
			);
			name = Frameworks;
			sourceTree = "<group>";
		};
		826D2E9F1CC9C701004541C0 /* UI */ = {
			isa = PBXGroup;
			children = (
				FF21A8801DB5F05D00973433 /* UI */,
				FF21A8631DB5C90700973433 /* UserCenter */,
				FF21A8081DB5C81900973433 /* Animation */,
				FF21A8091DB5C81900973433 /* Frame */,
				FF21A80A1DB5C81900973433 /* Home */,
				82D2EF791D3C806E00A54336 /* Animation */,
			);
			path = UI;
			sourceTree = "<group>";
		};
		826D2EBB1CC9C71E004541C0 /* Configuration */ = {
			isa = PBXGroup;
			children = (
				826D2EBC1CC9C71E004541C0 /* ConfigItem_Ph.h */,
				826D2EBD1CC9C71E004541C0 /* ConfigItem_Ph.m */,
				826D2EBE1CC9C71E004541C0 /* ConfigManager_Ph.h */,
				826D2EBF1CC9C71E004541C0 /* ConfigManager_Ph.m */,
				8220A6F51CE5E072000B1B8B /* WBApiManger.h */,
				8220A6F61CE5E072000B1B8B /* WBApiManger.m */,
				8220A6F81CE5E07F000B1B8B /* WXApiManager.h */,
				8220A6F91CE5E07F000B1B8B /* WXApiManager.m */,
			);
			path = Configuration;
			sourceTree = "<group>";
		};
		826D2EC21CC9C73B004541C0 /* Extern */ = {
			isa = PBXGroup;
			children = (
				82DE29571CDB4FDB00CC7EAF /* UITools.h */,
				82DE29581CDB4FDB00CC7EAF /* UITools.m */,
			);
			path = Extern;
			sourceTree = "<group>";
		};
		826D2EC31CC9C73B004541C0 /* Util */ = {
			isa = PBXGroup;
			children = (
				822AAD871CE18DBB00F84C63 /* UIImage+Alpha.h */,
				822AAD881CE18DBB00F84C63 /* UIImage+Alpha.m */,
				822AAD891CE18DBB00F84C63 /* UIImage+Resize.h */,
				822AAD8A1CE18DBB00F84C63 /* UIImage+Resize.m */,
				822AAD8B1CE18DBB00F84C63 /* UIImage+RoundedCorner.h */,
				822AAD8C1CE18DBB00F84C63 /* UIImage+RoundedCorner.m */,
				8220A6F21CE5AB22000B1B8B /* UIButton+Function_Ph.h */,
				8220A6F31CE5AB22000B1B8B /* UIButton+Function_Ph.m */,
				FF21A8A21DB61ED100973433 /* Tools_Ph.h */,
				FF21A8A31DB61ED100973433 /* Tools_Ph.m */,
			);
			path = Util;
			sourceTree = "<group>";
		};
		826D2EC51CC9C82A004541C0 /* Master */ = {
			isa = PBXGroup;
			children = (
				826D2EDB1CC9C897004541C0 /* AppDelegateManager.h */,
				826D2EDC1CC9C897004541C0 /* AppDelegateManager.m */,
				826D2EC61CC9C82A004541C0 /* AppDelegate.h */,
				826D2EC71CC9C82A004541C0 /* AppDelegate.m */,
				826D2ECA1CC9C82A004541C0 /* Assets.xcassets */,
				826D2ECB1CC9C82A004541C0 /* Info.plist */,
				826D2ECC1CC9C82A004541C0 /* Localizable.strings */,
				826D2ECD1CC9C82A004541C0 /* Macros.h */,
				82D2EF751D3C7C4700A54336 /* Theme.h */,
				826D2ECE1CC9C82A004541C0 /* main.m */,
				826D2ECF1CC9C82A004541C0 /* Master.t */,
				826D2ED01CC9C82A004541C0 /* Master.xcdatamodeld */,
				826D2ED21CC9C82A004541C0 /* PrefixHeader-PCH.pch */,
			);
			path = Master;
			sourceTree = "<group>";
		};
		82D1BC791C995EDB0043B83E = {
			isa = PBXGroup;
			children = (
				826D2EC51CC9C82A004541C0 /* Master */,
				826D2E9F1CC9C701004541C0 /* UI */,
				826D2EBB1CC9C71E004541C0 /* Configuration */,
				826D2EC21CC9C73B004541C0 /* Extern */,
				826D2EC31CC9C73B004541C0 /* Util */,
				FFC787111DB89893007D22A6 /* Deprecated */,
				82D1BC831C995EDB0043B83E /* Products */,
				E67032C12E0815F3A87A59FF /* Pods */,
				1E7ACC32A08CBD6E5570E6CA /* Frameworks */,
			);
			sourceTree = "<group>";
		};
		82D1BC831C995EDB0043B83E /* Products */ = {
			isa = PBXGroup;
			children = (
				82D1BC821C995EDB0043B83E /* Master.app */,
			);
			name = Products;
			sourceTree = "<group>";
		};
		82D2EF791D3C806E00A54336 /* Animation */ = {
			isa = PBXGroup;
			children = (
			);
			name = Animation;
			sourceTree = "<group>";
		};
		E67032C12E0815F3A87A59FF /* Pods */ = {
			isa = PBXGroup;
			children = (
				F9B04D0B813A8774FBAD4B58 /* Pods-Master.debug.xcconfig */,
				EDE2B6EB9E533A62AFBC4B63 /* Pods-Master.release.xcconfig */,
			);
			name = Pods;
			sourceTree = "<group>";
		};
		FF21A8081DB5C81900973433 /* Animation */ = {
			isa = PBXGroup;
			children = (
				FF21A8281DB5C86D00973433 /* AnimationTool.h */,
				FF21A8291DB5C86D00973433 /* AnimationTool.m */,
				FF21A82A1DB5C86D00973433 /* AnimationToolProtocol.h */,
				FF21A82B1DB5C86D00973433 /* MasterVC_Ph.h */,
				FF21A82C1DB5C86D00973433 /* MasterVC_Ph.m */,
				FF21A82D1DB5C86D00973433 /* MasterView.h */,
				FF21A82E1DB5C86D00973433 /* MasterView.m */,
				FF21A82F1DB5C86D00973433 /* MasterViewModel.h */,
				FF21A8301DB5C86D00973433 /* MasterViewModel.m */,
				FF21A8311DB5C86D00973433 /* NonWindowAnimationTool.h */,
				FF21A8321DB5C86D00973433 /* NonWindowAnimationTool.m */,
				FF21A8331DB5C86D00973433 /* PopNavigation.h */,
				FF21A8341DB5C86D00973433 /* PopNavigation.m */,
				FF21A8351DB5C86D00973433 /* UIView+Extent.h */,
				FF21A8361DB5C86D00973433 /* UIView+Extent.m */,
			);
			path = Animation;
			sourceTree = "<group>";
		};
		FF21A8091DB5C81900973433 /* Frame */ = {
			isa = PBXGroup;
			children = (
				FF21A83E1DB5C88400973433 /* BaseVC_Ph.h */,
				FF21A83F1DB5C88400973433 /* BaseVC_Ph.m */,
				FF21A8401DB5C88400973433 /* LeftDrawerVC_Ph.h */,
				FF21A8411DB5C88400973433 /* LeftDrawerVC_Ph.m */,
				FF21A8421DB5C88400973433 /* MenuVC_Ph.h */,
				FF21A8431DB5C88400973433 /* MenuVC_Ph.m */,
				FF21A8441DB5C88400973433 /* NavigationVC_Ph.h */,
				FF21A8451DB5C88400973433 /* NavigationVC_Ph.m */,
				FF21A8461DB5C88400973433 /* RightDrawerVC_Ph.h */,
				FF21A8471DB5C88400973433 /* RightDrawerVC_Ph.m */,
				FF21A8481DB5C88400973433 /* TabBarVC_Ph.h */,
				FF21A8491DB5C88400973433 /* TabBarVC_Ph.m */,
				FF21A84C1DB5C88400973433 /* UIViewController+BaseViewController_Ph.h */,
				FF21A84D1DB5C88400973433 /* UIViewController+BaseViewController_Ph.m */,
			);
			name = Frame;
			path = frame;
			sourceTree = "<group>";
		};
		FF21A80A1DB5C81900973433 /* Home */ = {
			isa = PBXGroup;
			children = (
				FF21A8561DB5C8A800973433 /* HomeVC_Ph.h */,
				FF21A8571DB5C8A800973433 /* HomeVC_Ph.m */,
				FF21A8581DB5C8A800973433 /* LaunchLiveVC.h */,
				FF21A8591DB5C8A800973433 /* LaunchLiveVC.m */,
				FF21A85A1DB5C8A800973433 /* LaunchLiveView.h */,
				FF21A85B1DB5C8A800973433 /* LaunchLiveView.m */,
				FF21A85C1DB5C8A800973433 /* ShareView.h */,
				FF21A85D1DB5C8A800973433 /* ShareView.m */,
			);
			name = Home;
			path = home;
			sourceTree = "<group>";
		};
		FF21A8631DB5C90700973433 /* UserCenter */ = {
			isa = PBXGroup;
			children = (
				FF21A8641DB5C91C00973433 /* UCAlbumVC_Ph.h */,
				FF21A8651DB5C91C00973433 /* UCAlbumVC_Ph.m */,
				FF21A8661DB5C91C00973433 /* UCBaseVC_Ph.h */,
				FF21A8671DB5C91C00973433 /* UCBaseVC_Ph.m */,
				FF21A8681DB5C91C00973433 /* UCHeadView_Ph.h */,
				FF21A8691DB5C91C00973433 /* UCHeadView_Ph.m */,
				FF21A86A1DB5C91C00973433 /* UCTableCell_Ph.h */,
				FF21A86B1DB5C91C00973433 /* UCTableCell_Ph.m */,
				FF21A86C1DB5C91C00973433 /* UCTopView_Ph.h */,
				FF21A86D1DB5C91C00973433 /* UCTopView_Ph.m */,
				FF21A86E1DB5C91C00973433 /* UserCenterVC_Ph.h */,
				FF21A86F1DB5C91C00973433 /* UserCenterVC_Ph.m */,
			);
			path = UserCenter;
			sourceTree = "<group>";
		};
		FF21A8801DB5F05D00973433 /* UI */ = {
			isa = PBXGroup;
			children = (
				FF21A8921DB5F05D00973433 /* UIVC_Ph.h */,
				FF21A8931DB5F05D00973433 /* UIVC_Ph.m */,
				FFC787121DB89909007D22A6 /* CardPage */,
			);
			path = UI;
			sourceTree = "<group>";
		};
		FFC787111DB89893007D22A6 /* Deprecated */ = {
			isa = PBXGroup;
			children = (
			);
			path = Deprecated;
			sourceTree = "<group>";
		};
		FFC787121DB89909007D22A6 /* CardPage */ = {
			isa = PBXGroup;
			children = (
				FF21A8861DB5F05D00973433 /* CardPageVC.h */,
				FF21A8871DB5F05D00973433 /* CardPageVC.m */,
				FF21A8881DB5F05D00973433 /* CardPageView.h */,
				FF21A8891DB5F05D00973433 /* CardPageView.m */,
				FF21A8811DB5F05D00973433 /* CardCell.h */,
				FF21A8821DB5F05D00973433 /* CardCell.m */,
				FF21A8831DB5F05D00973433 /* CardPageCell.h */,
				FF21A8841DB5F05D00973433 /* CardPageCell.m */,
				FF21A8851DB5F05D00973433 /* CardPageProtocol.h */,
				FF21A88A1DB5F05D00973433 /* CycleScrollView.h */,
				FF21A88B1DB5F05D00973433 /* CycleScrollView.m */,
				FF21A88C1DB5F05D00973433 /* NewPagedFlowView.h */,
				FF21A88D1DB5F05D00973433 /* NewPagedFlowView.m */,
				FF21A88E1DB5F05D00973433 /* PGIndexBannerSubiew.h */,
				FF21A88F1DB5F05D00973433 /* PGIndexBannerSubiew.m */,
				FF21A8901DB5F05D00973433 /* SDPageFlowView.h */,
				FF21A8911DB5F05D00973433 /* SDPageFlowView.m */,
			);
			name = CardPage;
			sourceTree = "<group>";
		};
/* End PBXGroup section */

/* Begin PBXNativeTarget section */
		82D1BC811C995EDB0043B83E /* Master */ = {
			isa = PBXNativeTarget;
			buildConfigurationList = 82D1BC9C1C995EDB0043B83E /* Build configuration list for PBXNativeTarget "Master" */;
			buildPhases = (
				A9931568F276B1A45FC9E89F /* [CP] Check Pods Manifest.lock */,
				82D1BC7E1C995EDB0043B83E /* Sources */,
				82D1BC7F1C995EDB0043B83E /* Frameworks */,
				82D1BC801C995EDB0043B83E /* Resources */,
				7828CFE48F735CC9E7C186DD /* [CP] Embed Pods Frameworks */,
				BF09DC9940E8801DE6FE51CD /* [CP] Copy Pods Resources */,
			);
			buildRules = (
			);
			dependencies = (
			);
			name = Master;
			productName = Master;
			productReference = 82D1BC821C995EDB0043B83E /* Master.app */;
			productType = "com.apple.product-type.application";
		};
/* End PBXNativeTarget section */

/* Begin PBXProject section */
		82D1BC7A1C995EDB0043B83E /* Project object */ = {
			isa = PBXProject;
			attributes = {
				LastUpgradeCheck = 0800;
				ORGANIZATIONNAME = Xhc;
				TargetAttributes = {
					82D1BC811C995EDB0043B83E = {
						CreatedOnToolsVersion = 7.2;
						DevelopmentTeam = JV8L4GPH8K;
					};
				};
			};
			buildConfigurationList = 82D1BC7D1C995EDB0043B83E /* Build configuration list for PBXProject "Master" */;
			compatibilityVersion = "Xcode 3.2";
			developmentRegion = English;
			hasScannedForEncodings = 0;
			knownRegions = (
				en,
				Base,
			);
			mainGroup = 82D1BC791C995EDB0043B83E;
			productRefGroup = 82D1BC831C995EDB0043B83E /* Products */;
			projectDirPath = "";
			projectRoot = "";
			targets = (
				82D1BC811C995EDB0043B83E /* Master */,
			);
		};
/* End PBXProject section */

/* Begin PBXResourcesBuildPhase section */
		82D1BC801C995EDB0043B83E /* Resources */ = {
			isa = PBXResourcesBuildPhase;
			buildActionMask = 2147483647;
			files = (
				826D2ED71CC9C82A004541C0 /* Localizable.strings in Resources */,
				826D2ED91CC9C82A004541C0 /* Master.t in Resources */,
				826D2ED51CC9C82A004541C0 /* Assets.xcassets in Resources */,
			);
			runOnlyForDeploymentPostprocessing = 0;
		};
/* End PBXResourcesBuildPhase section */

/* Begin PBXShellScriptBuildPhase section */
		7828CFE48F735CC9E7C186DD /* [CP] Embed Pods Frameworks */ = {
			isa = PBXShellScriptBuildPhase;
			buildActionMask = 2147483647;
			files = (
			);
			inputPaths = (
			);
			name = "[CP] Embed Pods Frameworks";
			outputPaths = (
			);
			runOnlyForDeploymentPostprocessing = 0;
			shellPath = /bin/sh;
			shellScript = "\"${SRCROOT}/Pods/Target Support Files/Pods-Master/Pods-Master-frameworks.sh\"\n";
			showEnvVarsInLog = 0;
		};
		A9931568F276B1A45FC9E89F /* [CP] Check Pods Manifest.lock */ = {
			isa = PBXShellScriptBuildPhase;
			buildActionMask = 2147483647;
			files = (
			);
			inputPaths = (
			);
			name = "[CP] Check Pods Manifest.lock";
			outputPaths = (
			);
			runOnlyForDeploymentPostprocessing = 0;
			shellPath = /bin/sh;
			shellScript = "diff \"${PODS_ROOT}/../Podfile.lock\" \"${PODS_ROOT}/Manifest.lock\" > /dev/null\nif [ $? != 0 ] ; then\n    # print error to STDERR\n    echo \"error: The sandbox is not in sync with the Podfile.lock. Run 'pod install' or update your CocoaPods installation.\" >&2\n    exit 1\nfi\n";
			showEnvVarsInLog = 0;
		};
		BF09DC9940E8801DE6FE51CD /* [CP] Copy Pods Resources */ = {
			isa = PBXShellScriptBuildPhase;
			buildActionMask = 2147483647;
			files = (
			);
			inputPaths = (
			);
			name = "[CP] Copy Pods Resources";
			outputPaths = (
			);
			runOnlyForDeploymentPostprocessing = 0;
			shellPath = /bin/sh;
			shellScript = "\"${SRCROOT}/Pods/Target Support Files/Pods-Master/Pods-Master-resources.sh\"\n";
			showEnvVarsInLog = 0;
		};
/* End PBXShellScriptBuildPhase section */

/* Begin PBXSourcesBuildPhase section */
		82D1BC7E1C995EDB0043B83E /* Sources */ = {
			isa = PBXSourcesBuildPhase;
			buildActionMask = 2147483647;
			files = (
				8220A6FA1CE5E07F000B1B8B /* WXApiManager.m in Sources */,
				FF21A8701DB5C91C00973433 /* UCAlbumVC_Ph.m in Sources */,
				FF21A85F1DB5C8A800973433 /* LaunchLiveVC.m in Sources */,
				FF21A8991DB5F05D00973433 /* NewPagedFlowView.m in Sources */,
				FF21A89B1DB5F05D00973433 /* SDPageFlowView.m in Sources */,
				FF21A8941DB5F05D00973433 /* CardCell.m in Sources */,
				FF21A8501DB5C88400973433 /* MenuVC_Ph.m in Sources */,
				FF21A8601DB5C8A800973433 /* LaunchLiveView.m in Sources */,
				FF21A83A1DB5C86D00973433 /* MasterViewModel.m in Sources */,
				FF21A83C1DB5C86D00973433 /* PopNavigation.m in Sources */,
				FF21A8961DB5F05D00973433 /* CardPageVC.m in Sources */,
				FF21A84E1DB5C88400973433 /* BaseVC_Ph.m in Sources */,
				FF21A85E1DB5C8A800973433 /* HomeVC_Ph.m in Sources */,
				FF21A8511DB5C88400973433 /* NavigationVC_Ph.m in Sources */,
				FF21A8971DB5F05D00973433 /* CardPageView.m in Sources */,
				8220A6F71CE5E072000B1B8B /* WBApiManger.m in Sources */,
				FF21A8551DB5C88400973433 /* UIViewController+BaseViewController_Ph.m in Sources */,
				FF21A84F1DB5C88400973433 /* LeftDrawerVC_Ph.m in Sources */,
				FF21A8391DB5C86D00973433 /* MasterView.m in Sources */,
				FF21A8951DB5F05D00973433 /* CardPageCell.m in Sources */,
				826D2EDA1CC9C82A004541C0 /* Master.xcdatamodeld in Sources */,
				FF21A8711DB5C91C00973433 /* UCBaseVC_Ph.m in Sources */,
				822AAD8D1CE18DBB00F84C63 /* UIImage+Alpha.m in Sources */,
				FF21A8531DB5C88400973433 /* TabBarVC_Ph.m in Sources */,
				FF21A8371DB5C86D00973433 /* AnimationTool.m in Sources */,
				826D2EC11CC9C71E004541C0 /* ConfigManager_Ph.m in Sources */,
				FF21A8731DB5C91C00973433 /* UCTableCell_Ph.m in Sources */,
				FF21A8751DB5C91C00973433 /* UserCenterVC_Ph.m in Sources */,
				FF21A8A41DB61ED100973433 /* Tools_Ph.m in Sources */,
				8220A6F41CE5AB22000B1B8B /* UIButton+Function_Ph.m in Sources */,
				826D2EC01CC9C71E004541C0 /* ConfigItem_Ph.m in Sources */,
				82DE29591CDB4FDB00CC7EAF /* UITools.m in Sources */,
				FF21A8721DB5C91C00973433 /* UCHeadView_Ph.m in Sources */,
				FF21A89A1DB5F05D00973433 /* PGIndexBannerSubiew.m in Sources */,
				FF21A8981DB5F05D00973433 /* CycleScrollView.m in Sources */,
				826D2ED31CC9C82A004541C0 /* AppDelegate.m in Sources */,
				FF21A8521DB5C88400973433 /* RightDrawerVC_Ph.m in Sources */,
				FF21A8381DB5C86D00973433 /* MasterVC_Ph.m in Sources */,
				822AAD8F1CE18DBB00F84C63 /* UIImage+RoundedCorner.m in Sources */,
				826D2EDD1CC9C897004541C0 /* AppDelegateManager.m in Sources */,
				826D2ED81CC9C82A004541C0 /* main.m in Sources */,
				FF21A89C1DB5F05D00973433 /* UIVC_Ph.m in Sources */,
				FF21A83D1DB5C86D00973433 /* UIView+Extent.m in Sources */,
				FF21A8741DB5C91C00973433 /* UCTopView_Ph.m in Sources */,
				822AAD8E1CE18DBB00F84C63 /* UIImage+Resize.m in Sources */,
				FF21A83B1DB5C86D00973433 /* NonWindowAnimationTool.m in Sources */,
				FF21A8611DB5C8A800973433 /* ShareView.m in Sources */,
			);
			runOnlyForDeploymentPostprocessing = 0;
		};
/* End PBXSourcesBuildPhase section */

/* Begin XCBuildConfiguration section */
		82D1BC9A1C995EDB0043B83E /* Debug */ = {
			isa = XCBuildConfiguration;
			buildSettings = {
				ALWAYS_SEARCH_USER_PATHS = NO;
				CLANG_CXX_LANGUAGE_STANDARD = "gnu++0x";
				CLANG_CXX_LIBRARY = "libc++";
				CLANG_ENABLE_MODULES = YES;
				CLANG_ENABLE_OBJC_ARC = YES;
				CLANG_WARN_BOOL_CONVERSION = YES;
				CLANG_WARN_CONSTANT_CONVERSION = YES;
				CLANG_WARN_DIRECT_OBJC_ISA_USAGE = YES_ERROR;
				CLANG_WARN_EMPTY_BODY = YES;
				CLANG_WARN_ENUM_CONVERSION = YES;
				CLANG_WARN_INFINITE_RECURSION = YES;
				CLANG_WARN_INT_CONVERSION = YES;
				CLANG_WARN_OBJC_ROOT_CLASS = YES_ERROR;
				CLANG_WARN_SUSPICIOUS_MOVE = YES;
				CLANG_WARN_UNREACHABLE_CODE = YES;
				CLANG_WARN__DUPLICATE_METHOD_MATCH = YES;
				"CODE_SIGN_IDENTITY[sdk=iphoneos*]" = "iPhone Developer";
				COPY_PHASE_STRIP = NO;
				DEBUG_INFORMATION_FORMAT = dwarf;
				ENABLE_STRICT_OBJC_MSGSEND = YES;
				ENABLE_TESTABILITY = YES;
				GCC_C_LANGUAGE_STANDARD = gnu99;
				GCC_DYNAMIC_NO_PIC = NO;
				GCC_NO_COMMON_BLOCKS = YES;
				GCC_OPTIMIZATION_LEVEL = 0;
				GCC_PREPROCESSOR_DEFINITIONS = (
					"DEBUG=1",
					"$(inherited)",
				);
				GCC_WARN_64_TO_32_BIT_CONVERSION = YES;
				GCC_WARN_ABOUT_RETURN_TYPE = YES_ERROR;
				GCC_WARN_UNDECLARED_SELECTOR = YES;
				GCC_WARN_UNINITIALIZED_AUTOS = YES_AGGRESSIVE;
				GCC_WARN_UNUSED_FUNCTION = YES;
				GCC_WARN_UNUSED_VARIABLE = YES;
				IPHONEOS_DEPLOYMENT_TARGET = 9.2;
				MTL_ENABLE_DEBUG_INFO = YES;
				ONLY_ACTIVE_ARCH = YES;
				SDKROOT = iphoneos;
			};
			name = Debug;
		};
		82D1BC9B1C995EDB0043B83E /* Release */ = {
			isa = XCBuildConfiguration;
			buildSettings = {
				ALWAYS_SEARCH_USER_PATHS = NO;
				CLANG_CXX_LANGUAGE_STANDARD = "gnu++0x";
				CLANG_CXX_LIBRARY = "libc++";
				CLANG_ENABLE_MODULES = YES;
				CLANG_ENABLE_OBJC_ARC = YES;
				CLANG_WARN_BOOL_CONVERSION = YES;
				CLANG_WARN_CONSTANT_CONVERSION = YES;
				CLANG_WARN_DIRECT_OBJC_ISA_USAGE = YES_ERROR;
				CLANG_WARN_EMPTY_BODY = YES;
				CLANG_WARN_ENUM_CONVERSION = YES;
				CLANG_WARN_INFINITE_RECURSION = YES;
				CLANG_WARN_INT_CONVERSION = YES;
				CLANG_WARN_OBJC_ROOT_CLASS = YES_ERROR;
				CLANG_WARN_SUSPICIOUS_MOVE = YES;
				CLANG_WARN_UNREACHABLE_CODE = YES;
				CLANG_WARN__DUPLICATE_METHOD_MATCH = YES;
				"CODE_SIGN_IDENTITY[sdk=iphoneos*]" = "iPhone Developer";
				COPY_PHASE_STRIP = NO;
				DEBUG_INFORMATION_FORMAT = "dwarf-with-dsym";
				ENABLE_NS_ASSERTIONS = NO;
				ENABLE_STRICT_OBJC_MSGSEND = YES;
				GCC_C_LANGUAGE_STANDARD = gnu99;
				GCC_NO_COMMON_BLOCKS = YES;
				GCC_WARN_64_TO_32_BIT_CONVERSION = YES;
				GCC_WARN_ABOUT_RETURN_TYPE = YES_ERROR;
				GCC_WARN_UNDECLARED_SELECTOR = YES;
				GCC_WARN_UNINITIALIZED_AUTOS = YES_AGGRESSIVE;
				GCC_WARN_UNUSED_FUNCTION = YES;
				GCC_WARN_UNUSED_VARIABLE = YES;
				IPHONEOS_DEPLOYMENT_TARGET = 9.2;
				MTL_ENABLE_DEBUG_INFO = NO;
				SDKROOT = iphoneos;
				VALIDATE_PRODUCT = YES;
			};
			name = Release;
		};
		82D1BC9D1C995EDB0043B83E /* Debug */ = {
			isa = XCBuildConfiguration;
			baseConfigurationReference = F9B04D0B813A8774FBAD4B58 /* Pods-Master.debug.xcconfig */;
			buildSettings = {
				ASSETCATALOG_COMPILER_APPICON_NAME = AppIcon;
				ASSETCATALOG_COMPILER_LAUNCHIMAGE_NAME = LaunchImage;
				CODE_SIGN_IDENTITY = "iPhone Developer";
				"CODE_SIGN_IDENTITY[sdk=iphoneos*]" = "iPhone Developer";
				DEVELOPMENT_TEAM = JV8L4GPH8K;
				ENABLE_BITCODE = NO;
				GCC_PREFIX_HEADER = "Master/PrefixHeader-PCH.pch";
				INFOPLIST_FILE = Master/Info.plist;
				IPHONEOS_DEPLOYMENT_TARGET = 8.2;
				LD_RUNPATH_SEARCH_PATHS = "$(inherited) @executable_path/Frameworks";
				PRODUCT_BUNDLE_IDENTIFIER = Phil.Master;
				PRODUCT_NAME = "$(TARGET_NAME)";
				PROVISIONING_PROFILE = "";
			};
			name = Debug;
		};
		82D1BC9E1C995EDB0043B83E /* Release */ = {
			isa = XCBuildConfiguration;
			baseConfigurationReference = EDE2B6EB9E533A62AFBC4B63 /* Pods-Master.release.xcconfig */;
			buildSettings = {
				ASSETCATALOG_COMPILER_APPICON_NAME = AppIcon;
				ASSETCATALOG_COMPILER_LAUNCHIMAGE_NAME = LaunchImage;
				CODE_SIGN_IDENTITY = "iPhone Developer";
				"CODE_SIGN_IDENTITY[sdk=iphoneos*]" = "iPhone Developer";
				DEVELOPMENT_TEAM = JV8L4GPH8K;
				ENABLE_BITCODE = NO;
				GCC_PREFIX_HEADER = "Master/PrefixHeader-PCH.pch";
				INFOPLIST_FILE = Master/Info.plist;
				IPHONEOS_DEPLOYMENT_TARGET = 8.2;
				LD_RUNPATH_SEARCH_PATHS = "$(inherited) @executable_path/Frameworks";
				PRODUCT_BUNDLE_IDENTIFIER = Phil.Master;
				PRODUCT_NAME = "$(TARGET_NAME)";
				PROVISIONING_PROFILE = "";
			};
			name = Release;
		};
/* End XCBuildConfiguration section */

/* Begin XCConfigurationList section */
		82D1BC7D1C995EDB0043B83E /* Build configuration list for PBXProject "Master" */ = {
			isa = XCConfigurationList;
			buildConfigurations = (
				82D1BC9A1C995EDB0043B83E /* Debug */,
				82D1BC9B1C995EDB0043B83E /* Release */,
			);
			defaultConfigurationIsVisible = 0;
			defaultConfigurationName = Release;
		};
		82D1BC9C1C995EDB0043B83E /* Build configuration list for PBXNativeTarget "Master" */ = {
			isa = XCConfigurationList;
			buildConfigurations = (
				82D1BC9D1C995EDB0043B83E /* Debug */,
				82D1BC9E1C995EDB0043B83E /* Release */,
			);
			defaultConfigurationIsVisible = 0;
			defaultConfigurationName = Release;
		};
/* End XCConfigurationList section */

/* Begin XCVersionGroup section */
		826D2ED01CC9C82A004541C0 /* Master.xcdatamodeld */ = {
			isa = XCVersionGroup;
			children = (
				826D2ED11CC9C82A004541C0 /* Master.xcdatamodel */,
			);
			currentVersion = 826D2ED11CC9C82A004541C0 /* Master.xcdatamodel */;
			path = Master.xcdatamodeld;
			sourceTree = "<group>";
			versionGroupType = wrapper.xcdatamodel;
		};
/* End XCVersionGroup section */
	};
	rootObject = 82D1BC7A1C995EDB0043B83E /* Project object */;
}
